
Microsoft Visual Studio Solution File, Format Version 12.00
# Visual Studio Version 16
VisualStudioVersion = 16.0.31515.178
MinimumVisualStudioVersion = 10.0.40219.1
Project("{FAE04EC0-301F-11D3-BF4B-00C04F79EFBC}") = "SerilogElasticSearch", "SerilogElasticSearch\SerilogElasticSearch.csproj", "{D79D6564-139A-45DD-B562-5DC9977A9EDB}"
EndProject
Project("{E53339B2-1760-4266-BCC7-CA923CBCF16C}") = "docker-compose", "docker-compose.dcproj", "{59DF79DC-AE03-4C02-8701-49F33198774C}"
EndProject
Global
	GlobalSection(SolutionConfigurationPlatforms) = preSolution
		Debug|Any CPU = Debug|Any CPU
		Release|Any CPU = Release|Any CPU
	EndGlobalSection
	GlobalSection(ProjectConfigurationPlatforms) = postSolution
		{D79D6564-139A-45DD-B562-5DC9977A9EDB}.Debug|Any CPU.ActiveCfg = Debug|Any CPU
		{D79D6564-139A-45DD-B562-5DC9977A9EDB}.Debug|Any CPU.Build.0 = Debug|Any CPU
		{D79D6564-139A-45DD-B562-5DC9977A9EDB}.Release|Any CPU.ActiveCfg = Release|Any CPU
		{D79D6564-139A-45DD-B562-5DC9977A9EDB}.Release|Any CPU.Build.0 = Release|Any CPU
		{59DF79DC-AE03-4C02-8701-49F33198774C}.Debug|Any CPU.ActiveCfg = Debug|Any CPU
		{59DF79DC-AE03-4C02-8701-49F33198774C}.Debug|Any CPU.Build.0 = Debug|Any CPU
		{59DF79DC-AE03-4C02-8701-49F33198774C}.Release|Any CPU.ActiveCfg = Release|Any CPU
		{59DF79DC-AE03-4C02-8701-49F33198774C}.Release|Any CPU.Build.0 = Release|Any CPU
	EndGlobalSection
	GlobalSection(SolutionProperties) = preSolution
		HideSolutionNode = FALSE
	EndGlobalSection
	GlobalSection(ExtensibilityGlobals) = postSolution
		SolutionGuid = {8D2FE1F8-1338-4D5E-A47C-E0A8866C906A}
	EndGlobalSection
EndGlobal
